
Microsoft Visual Studio Solution File, Format Version 12.00
# Visual Studio Version 17
VisualStudioVersion = 17.7.34221.43
MinimumVisualStudioVersion = 10.0.40219.1
Project("{F184B08F-C81C-45F6-A57F-5ABD9991F28F}") = "D.A.T.A", "D.A.T.A.vbproj", "{B965BE0D-0E80-4FB4-9833-2EE7E3053C67}"
EndProject
Global
	GlobalSection(SolutionConfigurationPlatforms) = preSolution
		Debug|Any CPU = Debug|Any CPU
		Debug|x86 = Debug|x86
		Release|Any CPU = Release|Any CPU
		Release|x86 = Release|x86
	EndGlobalSection
	GlobalSection(ProjectConfigurationPlatforms) = postSolution
		{B965BE0D-0E80-4FB4-9833-2EE7E3053C67}.Debug|Any CPU.ActiveCfg = Debug|Any CPU
		{B965BE0D-0E80-4FB4-9833-2EE7E3053C67}.Debug|Any CPU.Build.0 = Debug|Any CPU
		{B965BE0D-0E80-4FB4-9833-2EE7E3053C67}.Debug|x86.ActiveCfg = Debug|x86
		{B965BE0D-0E80-4FB4-9833-2EE7E3053C67}.Debug|x86.Build.0 = Debug|x86
		{B965BE0D-0E80-4FB4-9833-2EE7E3053C67}.Release|Any CPU.ActiveCfg = Release|Any CPU
		{B965BE0D-0E80-4FB4-9833-2EE7E3053C67}.Release|Any CPU.Build.0 = Release|Any CPU
		{B965BE0D-0E80-4FB4-9833-2EE7E3053C67}.Release|x86.ActiveCfg = Release|x86
		{B965BE0D-0E80-4FB4-9833-2EE7E3053C67}.Release|x86.Build.0 = Release|x86
	EndGlobalSection
	GlobalSection(SolutionProperties) = preSolution
		HideSolutionNode = FALSE
	EndGlobalSection
	GlobalSection(ExtensibilityGlobals) = postSolution
		SolutionGuid = {489ECE31-2599-42C7-9732-CD5054E15997}
	EndGlobalSection
EndGlobal
